PODS:
  - SwiftFormat/CLI (0.39.3)
  - SwiftLint (0.30.1)

DEPENDENCIES:
  - SwiftFormat/CLI
  - SwiftLint

SPEC REPOS:
  https://github.com/cocoapods/specs.git:
    - SwiftFormat
    - SwiftLint

SPEC CHECKSUMS:
  SwiftFormat: 2e67b7f1dd387e2ff8fe05e0846229361abe1c13
  SwiftLint: a54bf1fe12b55c68560eb2a7689dfc81458508f7

PODFILE CHECKSUM: 0060f26793aa4ec459aed06610c0c7373c919077

COCOAPODS: 1.6.1
