// !$*UTF8*$!
{
	archiveVersion = 1;
	classes = {
	};
	objectVersion = 50;
	objects = {

/* Begin PBXBuildFile section */
		1379EA7020F60A3200348301 /* MidiError.swift in Sources */ = {isa = PBXBuildFile; fileRef = 1379EA6F20F60A3200348301 /* MidiError.swift */; };
		1379EA7120F60A3E00348301 /* MidiError.swift in Sources */ = {isa = PBXBuildFile; fileRef = 1379EA6F20F60A3200348301 /* MidiError.swift */; };
		1379EA7720F64C7C00348301 /* MidiLyric.swift in Sources */ = {isa = PBXBuildFile; fileRef = 1379EA7620F64C7C00348301 /* MidiLyric.swift */; };
		1379EA7820F64C8A00348301 /* MidiLyric.swift in Sources */ = {isa = PBXBuildFile; fileRef = 1379EA7620F64C7C00348301 /* MidiLyric.swift */; };
		1379EA8220F65F8700348301 /* MetaEventProtocol.swift in Sources */ = {isa = PBXBuildFile; fileRef = 1379EA8120F65F8700348301 /* MetaEventProtocol.swift */; };
		1379EA8320F65F9500348301 /* MetaEventProtocol.swift in Sources */ = {isa = PBXBuildFile; fileRef = 1379EA8120F65F8700348301 /* MetaEventProtocol.swift */; };
		13C66B0920F0B9AE00DD8D1D /* MidiParser.framework in Frameworks */ = {isa = PBXBuildFile; fileRef = 13C66AFF20F0B9AD00DD8D1D /* MidiParser.framework */; };
		13C66B0E20F0B9AE00DD8D1D /* MidiParserTests.swift in Sources */ = {isa = PBXBuildFile; fileRef = 13C66B0D20F0B9AE00DD8D1D /* MidiParserTests.swift */; };
		13C66B3D20F0B9F200DD8D1D /* MidiEventType.swift in Sources */ = {isa = PBXBuildFile; fileRef = 13C66B1B20F0B9F200DD8D1D /* MidiEventType.swift */; };
		13C66B3F20F0B9F200DD8D1D /* EventInfo.swift in Sources */ = {isa = PBXBuildFile; fileRef = 13C66B1D20F0B9F200DD8D1D /* EventInfo.swift */; };
		13C66B4020F0B9F200DD8D1D /* MidiExtendedNoteOnEvent.swift in Sources */ = {isa = PBXBuildFile; fileRef = 13C66B1F20F0B9F200DD8D1D /* MidiExtendedNoteOnEvent.swift */; };
		13C66B4120F0B9F200DD8D1D /* MidiAUPresetEvent.swift in Sources */ = {isa = PBXBuildFile; fileRef = 13C66B2020F0B9F200DD8D1D /* MidiAUPresetEvent.swift */; };
		13C66B4220F0B9F200DD8D1D /* MidiChannelMessage.swift in Sources */ = {isa = PBXBuildFile; fileRef = 13C66B2120F0B9F200DD8D1D /* MidiChannelMessage.swift */; };
		13C66B4320F0B9F200DD8D1D /* MidiRawData.swift in Sources */ = {isa = PBXBuildFile; fileRef = 13C66B2220F0B9F200DD8D1D /* MidiRawData.swift */; };
		13C66B4420F0B9F200DD8D1D /* MidiParameterEvent.swift in Sources */ = {isa = PBXBuildFile; fileRef = 13C66B2320F0B9F200DD8D1D /* MidiParameterEvent.swift */; };
		13C66B4520F0B9F200DD8D1D /* MidiTimeSignature.swift in Sources */ = {isa = PBXBuildFile; fileRef = 13C66B2520F0B9F200DD8D1D /* MidiTimeSignature.swift */; };
		13C66B4620F0B9F200DD8D1D /* MetaEventType.swift in Sources */ = {isa = PBXBuildFile; fileRef = 13C66B2620F0B9F200DD8D1D /* MetaEventType.swift */; };
		13C66B4720F0B9F200DD8D1D /* MidiKeySignature.swift in Sources */ = {isa = PBXBuildFile; fileRef = 13C66B2720F0B9F200DD8D1D /* MidiKeySignature.swift */; };
		13C66B4820F0B9F200DD8D1D /* KeySignature.swift in Sources */ = {isa = PBXBuildFile; fileRef = 13C66B2820F0B9F200DD8D1D /* KeySignature.swift */; };
		13C66B4920F0B9F200DD8D1D /* MidiNote.swift in Sources */ = {isa = PBXBuildFile; fileRef = 13C66B2920F0B9F200DD8D1D /* MidiNote.swift */; };
		13C66B4A20F0B9F200DD8D1D /* MidiExtendedTempo.swift in Sources */ = {isa = PBXBuildFile; fileRef = 13C66B2A20F0B9F200DD8D1D /* MidiExtendedTempo.swift */; };
		13C66B4B20F0B9F200DD8D1D /* MidiEventUserData.swift in Sources */ = {isa = PBXBuildFile; fileRef = 13C66B2B20F0B9F200DD8D1D /* MidiEventUserData.swift */; };
		13C66B4D20F0B9F200DD8D1D /* Util.swift in Sources */ = {isa = PBXBuildFile; fileRef = 13C66B2E20F0B9F200DD8D1D /* Util.swift */; };
		13C66B4E20F0B9F200DD8D1D /* MidiData.swift in Sources */ = {isa = PBXBuildFile; fileRef = 13C66B3020F0B9F200DD8D1D /* MidiData.swift */; };
		13C66B4F20F0B9F200DD8D1D /* EventIterator.swift in Sources */ = {isa = PBXBuildFile; fileRef = 13C66B3120F0B9F200DD8D1D /* EventIterator.swift */; };
		13C66B5020F0B9F200DD8D1D /* MidiSequence.swift in Sources */ = {isa = PBXBuildFile; fileRef = 13C66B3220F0B9F200DD8D1D /* MidiSequence.swift */; };
		13C66B5120F0B9F200DD8D1D /* MidiTempoTrack.swift in Sources */ = {isa = PBXBuildFile; fileRef = 13C66B3420F0B9F200DD8D1D /* MidiTempoTrack.swift */; };
		13C66B5220F0B9F200DD8D1D /* SequenceTrackProperty.swift in Sources */ = {isa = PBXBuildFile; fileRef = 13C66B3520F0B9F200DD8D1D /* SequenceTrackProperty.swift */; };
		13C66B5320F0B9F200DD8D1D /* MidiTrack.swift in Sources */ = {isa = PBXBuildFile; fileRef = 13C66B3620F0B9F200DD8D1D /* MidiTrack.swift */; };
		13C66B5420F0B9F200DD8D1D /* MidiNoteTrack.swift in Sources */ = {isa = PBXBuildFile; fileRef = 13C66B3720F0B9F200DD8D1D /* MidiNoteTrack.swift */; };
		13C66B5520F0B9F200DD8D1D /* MidiPatch.swift in Sources */ = {isa = PBXBuildFile; fileRef = 13C66B3920F0B9F200DD8D1D /* MidiPatch.swift */; };
		13C66B5620F0B9F200DD8D1D /* GMPatch.swift in Sources */ = {isa = PBXBuildFile; fileRef = 13C66B3A20F0B9F200DD8D1D /* GMPatch.swift */; };
		13C66B5720F0B9F200DD8D1D /* PatchFamily.swift in Sources */ = {isa = PBXBuildFile; fileRef = 13C66B3B20F0B9F200DD8D1D /* PatchFamily.swift */; };
		13C66B5B20F0C1F900DD8D1D /* MIDI_sample.mid in Resources */ = {isa = PBXBuildFile; fileRef = 13C66B5A20F0C1F800DD8D1D /* MIDI_sample.mid */; };
		13C66B5D20F0CAC600DD8D1D /* MetaEventTypeTests.swift in Sources */ = {isa = PBXBuildFile; fileRef = 13C66B5C20F0CAC600DD8D1D /* MetaEventTypeTests.swift */; };
		13C66B6120F0E8C300DD8D1D /* PatchTests.swift in Sources */ = {isa = PBXBuildFile; fileRef = 13C66B6020F0E8C300DD8D1D /* PatchTests.swift */; };
		13C66B6320F0ED4C00DD8D1D /* EnumCollection.swift in Sources */ = {isa = PBXBuildFile; fileRef = 13C66B6220F0ED4C00DD8D1D /* EnumCollection.swift */; };
		13C66B6720F0F28500DD8D1D /* MidiEventTypeTests.swift in Sources */ = {isa = PBXBuildFile; fileRef = 13C66B6620F0F28500DD8D1D /* MidiEventTypeTests.swift */; };
		13C66B6920F18BEE00DD8D1D /* MidiInfoKey.swift in Sources */ = {isa = PBXBuildFile; fileRef = 13C66B6820F18BEE00DD8D1D /* MidiInfoKey.swift */; };
		13C66B6C20F1EEAF00DD8D1D /* EventProtocol.swift in Sources */ = {isa = PBXBuildFile; fileRef = 13C66B6B20F1EEAF00DD8D1D /* EventProtocol.swift */; };
		13C66B8A20F3A9F100DD8D1D /* MidiParser.framework in Frameworks */ = {isa = PBXBuildFile; fileRef = 13C66B8120F3A9F000DD8D1D /* MidiParser.framework */; };
		13C66B9920F3AB3B00DD8D1D /* GMPatch.swift in Sources */ = {isa = PBXBuildFile; fileRef = 13C66B3A20F0B9F200DD8D1D /* GMPatch.swift */; };
		13C66B9A20F3AB3B00DD8D1D /* MidiPatch.swift in Sources */ = {isa = PBXBuildFile; fileRef = 13C66B3920F0B9F200DD8D1D /* MidiPatch.swift */; };
		13C66B9B20F3AB3B00DD8D1D /* PatchFamily.swift in Sources */ = {isa = PBXBuildFile; fileRef = 13C66B3B20F0B9F200DD8D1D /* PatchFamily.swift */; };
		13C66B9C20F3AB3F00DD8D1D /* MidiData.swift in Sources */ = {isa = PBXBuildFile; fileRef = 13C66B3020F0B9F200DD8D1D /* MidiData.swift */; };
		13C66B9D20F3AB3F00DD8D1D /* EventIterator.swift in Sources */ = {isa = PBXBuildFile; fileRef = 13C66B3120F0B9F200DD8D1D /* EventIterator.swift */; };
		13C66B9E20F3AB3F00DD8D1D /* MidiSequence.swift in Sources */ = {isa = PBXBuildFile; fileRef = 13C66B3220F0B9F200DD8D1D /* MidiSequence.swift */; };
		13C66B9F20F3AB3F00DD8D1D /* MidiInfoKey.swift in Sources */ = {isa = PBXBuildFile; fileRef = 13C66B6820F18BEE00DD8D1D /* MidiInfoKey.swift */; };
		13C66BA020F3AB4400DD8D1D /* EventProtocol.swift in Sources */ = {isa = PBXBuildFile; fileRef = 13C66B6B20F1EEAF00DD8D1D /* EventProtocol.swift */; };
		13C66BA120F3AB4400DD8D1D /* MidiEventType.swift in Sources */ = {isa = PBXBuildFile; fileRef = 13C66B1B20F0B9F200DD8D1D /* MidiEventType.swift */; };
		13C66BA220F3AB4400DD8D1D /* MidiRawData.swift in Sources */ = {isa = PBXBuildFile; fileRef = 13C66B2220F0B9F200DD8D1D /* MidiRawData.swift */; };
		13C66BA320F3AB4400DD8D1D /* MidiParameterEvent.swift in Sources */ = {isa = PBXBuildFile; fileRef = 13C66B2320F0B9F200DD8D1D /* MidiParameterEvent.swift */; };
		13C66BA420F3AB4400DD8D1D /* MidiExtendedNoteOnEvent.swift in Sources */ = {isa = PBXBuildFile; fileRef = 13C66B1F20F0B9F200DD8D1D /* MidiExtendedNoteOnEvent.swift */; };
		13C66BA520F3AB4400DD8D1D /* MidiNote.swift in Sources */ = {isa = PBXBuildFile; fileRef = 13C66B2920F0B9F200DD8D1D /* MidiNote.swift */; };
		13C66BA620F3AB4400DD8D1D /* MidiEventUserData.swift in Sources */ = {isa = PBXBuildFile; fileRef = 13C66B2B20F0B9F200DD8D1D /* MidiEventUserData.swift */; };
		13C66BA720F3AB4400DD8D1D /* MidiChannelMessage.swift in Sources */ = {isa = PBXBuildFile; fileRef = 13C66B2120F0B9F200DD8D1D /* MidiChannelMessage.swift */; };
		13C66BA820F3AB4400DD8D1D /* MidiExtendedTempo.swift in Sources */ = {isa = PBXBuildFile; fileRef = 13C66B2A20F0B9F200DD8D1D /* MidiExtendedTempo.swift */; };
		13C66BA920F3AB4400DD8D1D /* MidiAUPresetEvent.swift in Sources */ = {isa = PBXBuildFile; fileRef = 13C66B2020F0B9F200DD8D1D /* MidiAUPresetEvent.swift */; };
		13C66BAA20F3AB4400DD8D1D /* EventInfo.swift in Sources */ = {isa = PBXBuildFile; fileRef = 13C66B1D20F0B9F200DD8D1D /* EventInfo.swift */; };
		13C66BAB20F3AB4A00DD8D1D /* KeySignature.swift in Sources */ = {isa = PBXBuildFile; fileRef = 13C66B2820F0B9F200DD8D1D /* KeySignature.swift */; };
		13C66BAC20F3AB4A00DD8D1D /* MetaEventType.swift in Sources */ = {isa = PBXBuildFile; fileRef = 13C66B2620F0B9F200DD8D1D /* MetaEventType.swift */; };
		13C66BAD20F3AB4A00DD8D1D /* MidiKeySignature.swift in Sources */ = {isa = PBXBuildFile; fileRef = 13C66B2720F0B9F200DD8D1D /* MidiKeySignature.swift */; };
		13C66BAE20F3AB4A00DD8D1D /* MidiTimeSignature.swift in Sources */ = {isa = PBXBuildFile; fileRef = 13C66B2520F0B9F200DD8D1D /* MidiTimeSignature.swift */; };
		13C66BB020F3AB5000DD8D1D /* MidiNoteTrack.swift in Sources */ = {isa = PBXBuildFile; fileRef = 13C66B3720F0B9F200DD8D1D /* MidiNoteTrack.swift */; };
		13C66BB120F3AB5000DD8D1D /* MidiTempoTrack.swift in Sources */ = {isa = PBXBuildFile; fileRef = 13C66B3420F0B9F200DD8D1D /* MidiTempoTrack.swift */; };
		13C66BB220F3AB5000DD8D1D /* MidiTrack.swift in Sources */ = {isa = PBXBuildFile; fileRef = 13C66B3620F0B9F200DD8D1D /* MidiTrack.swift */; };
		13C66BB320F3AB5000DD8D1D /* SequenceTrackProperty.swift in Sources */ = {isa = PBXBuildFile; fileRef = 13C66B3520F0B9F200DD8D1D /* SequenceTrackProperty.swift */; };
		13C66BB420F3AB5300DD8D1D /* Util.swift in Sources */ = {isa = PBXBuildFile; fileRef = 13C66B2E20F0B9F200DD8D1D /* Util.swift */; };
		13C66BB620F3AC5500DD8D1D /* EnumCollection.swift in Sources */ = {isa = PBXBuildFile; fileRef = 13C66B6220F0ED4C00DD8D1D /* EnumCollection.swift */; };
		13C66BB720F3AC5500DD8D1D /* MetaEventTypeTests.swift in Sources */ = {isa = PBXBuildFile; fileRef = 13C66B5C20F0CAC600DD8D1D /* MetaEventTypeTests.swift */; };
		13C66BB820F3AC5500DD8D1D /* MidiEventTypeTests.swift in Sources */ = {isa = PBXBuildFile; fileRef = 13C66B6620F0F28500DD8D1D /* MidiEventTypeTests.swift */; };
		13C66BB920F3AC5500DD8D1D /* MidiParserTests.swift in Sources */ = {isa = PBXBuildFile; fileRef = 13C66B0D20F0B9AE00DD8D1D /* MidiParserTests.swift */; };
		13C66BBA20F3AC5500DD8D1D /* PatchTests.swift in Sources */ = {isa = PBXBuildFile; fileRef = 13C66B6020F0E8C300DD8D1D /* PatchTests.swift */; };
		13C66BBB20F3AD4D00DD8D1D /* MIDI_sample.mid in Resources */ = {isa = PBXBuildFile; fileRef = 13C66B5A20F0C1F800DD8D1D /* MIDI_sample.mid */; };
		13C66BC020F3AF8500DD8D1D /* LoadDataTests.swift in Sources */ = {isa = PBXBuildFile; fileRef = 13C66BBF20F3AF8500DD8D1D /* LoadDataTests.swift */; };
		13C66BC120F3AF8500DD8D1D /* LoadDataTests.swift in Sources */ = {isa = PBXBuildFile; fileRef = 13C66BBF20F3AF8500DD8D1D /* LoadDataTests.swift */; };
		13C66BC320F3B99D00DD8D1D /* MidiKeySignatureTests.swift in Sources */ = {isa = PBXBuildFile; fileRef = 13C66BC220F3B99D00DD8D1D /* MidiKeySignatureTests.swift */; };
		13C66BC420F3B99D00DD8D1D /* MidiKeySignatureTests.swift in Sources */ = {isa = PBXBuildFile; fileRef = 13C66BC220F3B99D00DD8D1D /* MidiKeySignatureTests.swift */; };
		13C66BCB20F480BF00DD8D1D /* HeaderChunk.swift in Sources */ = {isa = PBXBuildFile; fileRef = 13C66BC820F4809D00DD8D1D /* HeaderChunk.swift */; };
		13C66BCC20F480C000DD8D1D /* HeaderChunk.swift in Sources */ = {isa = PBXBuildFile; fileRef = 13C66BC820F4809D00DD8D1D /* HeaderChunk.swift */; };
		13C66BD120F49C3100DD8D1D /* Byte.swift in Sources */ = {isa = PBXBuildFile; fileRef = 13C66BCE20F4984B00DD8D1D /* Byte.swift */; };
		13C66BD220F49C3200DD8D1D /* Byte.swift in Sources */ = {isa = PBXBuildFile; fileRef = 13C66BCE20F4984B00DD8D1D /* Byte.swift */; };
		13C66BDC20F4E7DD00DD8D1D /* MetaEvent.swift in Sources */ = {isa = PBXBuildFile; fileRef = 13C66BD920F4E7B100DD8D1D /* MetaEvent.swift */; };
		13C66BDD20F4E7DE00DD8D1D /* MetaEvent.swift in Sources */ = {isa = PBXBuildFile; fileRef = 13C66BD920F4E7B100DD8D1D /* MetaEvent.swift */; };
/* End PBXBuildFile section */

/* Begin PBXContainerItemProxy section */
		13C66B0A20F0B9AE00DD8D1D /* PBXContainerItemProxy */ = {
			isa = PBXContainerItemProxy;
			containerPortal = 13C66AF620F0B9AD00DD8D1D /* Project object */;
			proxyType = 1;
			remoteGlobalIDString = 13C66AFE20F0B9AD00DD8D1D;
			remoteInfo = MidiParser;
		};
		13C66B8B20F3A9F100DD8D1D /* PBXContainerItemProxy */ = {
			isa = PBXContainerItemProxy;
			containerPortal = 13C66AF620F0B9AD00DD8D1D /* Project object */;
			proxyType = 1;
			remoteGlobalIDString = 13C66B8020F3A9F000DD8D1D;
			remoteInfo = "MidiParser macOS";
		};
/* End PBXContainerItemProxy section */

/* Begin PBXFileReference section */
		1379EA6F20F60A3200348301 /* MidiError.swift */ = {isa = PBXFileReference; lastKnownFileType = sourcecode.swift; path = MidiError.swift; sourceTree = "<group>"; };
		1379EA7620F64C7C00348301 /* MidiLyric.swift */ = {isa = PBXFileReference; lastKnownFileType = sourcecode.swift; path = MidiLyric.swift; sourceTree = "<group>"; };
		1379EA8120F65F8700348301 /* MetaEventProtocol.swift */ = {isa = PBXFileReference; lastKnownFileType = sourcecode.swift; path = MetaEventProtocol.swift; sourceTree = "<group>"; };
		13C66AFF20F0B9AD00DD8D1D /* MidiParser.framework */ = {isa = PBXFileReference; explicitFileType = wrapper.framework; includeInIndex = 0; path = MidiParser.framework; sourceTree = BUILT_PRODUCTS_DIR; };
		13C66B0320F0B9AD00DD8D1D /* Info.plist */ = {isa = PBXFileReference; lastKnownFileType = text.plist.xml; path = Info.plist; sourceTree = "<group>"; };
		13C66B0820F0B9AE00DD8D1D /* MidiParser iOSTests.xctest */ = {isa = PBXFileReference; explicitFileType = wrapper.cfbundle; includeInIndex = 0; path = "MidiParser iOSTests.xctest"; sourceTree = BUILT_PRODUCTS_DIR; };
		13C66B0D20F0B9AE00DD8D1D /* MidiParserTests.swift */ = {isa = PBXFileReference; lastKnownFileType = sourcecode.swift; path = MidiParserTests.swift; sourceTree = "<group>"; };
		13C66B0F20F0B9AE00DD8D1D /* Info.plist */ = {isa = PBXFileReference; lastKnownFileType = text.plist.xml; path = Info.plist; sourceTree = "<group>"; };
		13C66B1B20F0B9F200DD8D1D /* MidiEventType.swift */ = {isa = PBXFileReference; fileEncoding = 4; lastKnownFileType = sourcecode.swift; path = MidiEventType.swift; sourceTree = "<group>"; };
		13C66B1D20F0B9F200DD8D1D /* EventInfo.swift */ = {isa = PBXFileReference; fileEncoding = 4; lastKnownFileType = sourcecode.swift; path = EventInfo.swift; sourceTree = "<group>"; };
		13C66B1F20F0B9F200DD8D1D /* MidiExtendedNoteOnEvent.swift */ = {isa = PBXFileReference; fileEncoding = 4; lastKnownFileType = sourcecode.swift; path = MidiExtendedNoteOnEvent.swift; sourceTree = "<group>"; };
		13C66B2020F0B9F200DD8D1D /* MidiAUPresetEvent.swift */ = {isa = PBXFileReference; fileEncoding = 4; lastKnownFileType = sourcecode.swift; path = MidiAUPresetEvent.swift; sourceTree = "<group>"; };
		13C66B2120F0B9F200DD8D1D /* MidiChannelMessage.swift */ = {isa = PBXFileReference; fileEncoding = 4; lastKnownFileType = sourcecode.swift; path = MidiChannelMessage.swift; sourceTree = "<group>"; };
		13C66B2220F0B9F200DD8D1D /* MidiRawData.swift */ = {isa = PBXFileReference; fileEncoding = 4; lastKnownFileType = sourcecode.swift; path = MidiRawData.swift; sourceTree = "<group>"; };
		13C66B2320F0B9F200DD8D1D /* MidiParameterEvent.swift */ = {isa = PBXFileReference; fileEncoding = 4; lastKnownFileType = sourcecode.swift; path = MidiParameterEvent.swift; sourceTree = "<group>"; };
		13C66B2520F0B9F200DD8D1D /* MidiTimeSignature.swift */ = {isa = PBXFileReference; fileEncoding = 4; lastKnownFileType = sourcecode.swift; path = MidiTimeSignature.swift; sourceTree = "<group>"; };
		13C66B2620F0B9F200DD8D1D /* MetaEventType.swift */ = {isa = PBXFileReference; fileEncoding = 4; lastKnownFileType = sourcecode.swift; path = MetaEventType.swift; sourceTree = "<group>"; };
		13C66B2720F0B9F200DD8D1D /* MidiKeySignature.swift */ = {isa = PBXFileReference; fileEncoding = 4; lastKnownFileType = sourcecode.swift; path = MidiKeySignature.swift; sourceTree = "<group>"; };
		13C66B2820F0B9F200DD8D1D /* KeySignature.swift */ = {isa = PBXFileReference; fileEncoding = 4; lastKnownFileType = sourcecode.swift; path = KeySignature.swift; sourceTree = "<group>"; };
		13C66B2920F0B9F200DD8D1D /* MidiNote.swift */ = {isa = PBXFileReference; fileEncoding = 4; lastKnownFileType = sourcecode.swift; path = MidiNote.swift; sourceTree = "<group>"; };
		13C66B2A20F0B9F200DD8D1D /* MidiExtendedTempo.swift */ = {isa = PBXFileReference; fileEncoding = 4; lastKnownFileType = sourcecode.swift; path = MidiExtendedTempo.swift; sourceTree = "<group>"; };
		13C66B2B20F0B9F200DD8D1D /* MidiEventUserData.swift */ = {isa = PBXFileReference; fileEncoding = 4; lastKnownFileType = sourcecode.swift; path = MidiEventUserData.swift; sourceTree = "<group>"; };
		13C66B2E20F0B9F200DD8D1D /* Util.swift */ = {isa = PBXFileReference; fileEncoding = 4; lastKnownFileType = sourcecode.swift; path = Util.swift; sourceTree = "<group>"; };
		13C66B3020F0B9F200DD8D1D /* MidiData.swift */ = {isa = PBXFileReference; fileEncoding = 4; lastKnownFileType = sourcecode.swift; path = MidiData.swift; sourceTree = "<group>"; };
		13C66B3120F0B9F200DD8D1D /* EventIterator.swift */ = {isa = PBXFileReference; fileEncoding = 4; lastKnownFileType = sourcecode.swift; path = EventIterator.swift; sourceTree = "<group>"; };
		13C66B3220F0B9F200DD8D1D /* MidiSequence.swift */ = {isa = PBXFileReference; fileEncoding = 4; lastKnownFileType = sourcecode.swift; path = MidiSequence.swift; sourceTree = "<group>"; };
		13C66B3420F0B9F200DD8D1D /* MidiTempoTrack.swift */ = {isa = PBXFileReference; fileEncoding = 4; lastKnownFileType = sourcecode.swift; path = MidiTempoTrack.swift; sourceTree = "<group>"; };
		13C66B3520F0B9F200DD8D1D /* SequenceTrackProperty.swift */ = {isa = PBXFileReference; fileEncoding = 4; lastKnownFileType = sourcecode.swift; path = SequenceTrackProperty.swift; sourceTree = "<group>"; };
		13C66B3620F0B9F200DD8D1D /* MidiTrack.swift */ = {isa = PBXFileReference; fileEncoding = 4; lastKnownFileType = sourcecode.swift; path = MidiTrack.swift; sourceTree = "<group>"; };
		13C66B3720F0B9F200DD8D1D /* MidiNoteTrack.swift */ = {isa = PBXFileReference; fileEncoding = 4; lastKnownFileType = sourcecode.swift; path = MidiNoteTrack.swift; sourceTree = "<group>"; };
		13C66B3920F0B9F200DD8D1D /* MidiPatch.swift */ = {isa = PBXFileReference; fileEncoding = 4; lastKnownFileType = sourcecode.swift; path = MidiPatch.swift; sourceTree = "<group>"; };
		13C66B3A20F0B9F200DD8D1D /* GMPatch.swift */ = {isa = PBXFileReference; fileEncoding = 4; lastKnownFileType = sourcecode.swift; path = GMPatch.swift; sourceTree = "<group>"; };
		13C66B3B20F0B9F200DD8D1D /* PatchFamily.swift */ = {isa = PBXFileReference; fileEncoding = 4; lastKnownFileType = sourcecode.swift; path = PatchFamily.swift; sourceTree = "<group>"; };
		13C66B5A20F0C1F800DD8D1D /* MIDI_sample.mid */ = {isa = PBXFileReference; lastKnownFileType = audio.midi; path = MIDI_sample.mid; sourceTree = "<group>"; };
		13C66B5C20F0CAC600DD8D1D /* MetaEventTypeTests.swift */ = {isa = PBXFileReference; lastKnownFileType = sourcecode.swift; path = MetaEventTypeTests.swift; sourceTree = "<group>"; };
		13C66B6020F0E8C300DD8D1D /* PatchTests.swift */ = {isa = PBXFileReference; lastKnownFileType = sourcecode.swift; path = PatchTests.swift; sourceTree = "<group>"; };
		13C66B6220F0ED4C00DD8D1D /* EnumCollection.swift */ = {isa = PBXFileReference; lastKnownFileType = sourcecode.swift; path = EnumCollection.swift; sourceTree = "<group>"; };
		13C66B6620F0F28500DD8D1D /* MidiEventTypeTests.swift */ = {isa = PBXFileReference; lastKnownFileType = sourcecode.swift; path = MidiEventTypeTests.swift; sourceTree = "<group>"; };
		13C66B6820F18BEE00DD8D1D /* MidiInfoKey.swift */ = {isa = PBXFileReference; lastKnownFileType = sourcecode.swift; path = MidiInfoKey.swift; sourceTree = "<group>"; };
		13C66B6B20F1EEAF00DD8D1D /* EventProtocol.swift */ = {isa = PBXFileReference; lastKnownFileType = sourcecode.swift; path = EventProtocol.swift; sourceTree = "<group>"; };
		13C66B8120F3A9F000DD8D1D /* MidiParser.framework */ = {isa = PBXFileReference; explicitFileType = wrapper.framework; includeInIndex = 0; path = MidiParser.framework; sourceTree = BUILT_PRODUCTS_DIR; };
		13C66B8920F3A9F100DD8D1D /* MidiParser macOSTests.xctest */ = {isa = PBXFileReference; explicitFileType = wrapper.cfbundle; includeInIndex = 0; path = "MidiParser macOSTests.xctest"; sourceTree = BUILT_PRODUCTS_DIR; };
		13C66BBF20F3AF8500DD8D1D /* LoadDataTests.swift */ = {isa = PBXFileReference; lastKnownFileType = sourcecode.swift; path = LoadDataTests.swift; sourceTree = "<group>"; };
		13C66BC220F3B99D00DD8D1D /* MidiKeySignatureTests.swift */ = {isa = PBXFileReference; lastKnownFileType = sourcecode.swift; path = MidiKeySignatureTests.swift; sourceTree = "<group>"; };
		13C66BC820F4809D00DD8D1D /* HeaderChunk.swift */ = {isa = PBXFileReference; lastKnownFileType = sourcecode.swift; path = HeaderChunk.swift; sourceTree = "<group>"; };
		13C66BCE20F4984B00DD8D1D /* Byte.swift */ = {isa = PBXFileReference; lastKnownFileType = sourcecode.swift; path = Byte.swift; sourceTree = "<group>"; };
		13C66BD920F4E7B100DD8D1D /* MetaEvent.swift */ = {isa = PBXFileReference; lastKnownFileType = sourcecode.swift; path = MetaEvent.swift; sourceTree = "<group>"; };
		13E83063226B0528009DD486 /* MidiParser-iOS.xcconfig */ = {isa = PBXFileReference; lastKnownFileType = text.xcconfig; path = "MidiParser-iOS.xcconfig"; sourceTree = "<group>"; };
		13E83064226B0587009DD486 /* MidiParser-macOS.xcconfig */ = {isa = PBXFileReference; lastKnownFileType = text.xcconfig; path = "MidiParser-macOS.xcconfig"; sourceTree = "<group>"; };
/* End PBXFileReference section */

/* Begin PBXFrameworksBuildPhase section */
		13C66AFB20F0B9AD00DD8D1D /* Frameworks */ = {
			isa = PBXFrameworksBuildPhase;
			buildActionMask = 2147483647;
			files = (
			);
			runOnlyForDeploymentPostprocessing = 0;
		};
		13C66B0520F0B9AE00DD8D1D /* Frameworks */ = {
			isa = PBXFrameworksBuildPhase;
			buildActionMask = 2147483647;
			files = (
				13C66B0920F0B9AE00DD8D1D /* MidiParser.framework in Frameworks */,
			);
			runOnlyForDeploymentPostprocessing = 0;
		};
		13C66B7D20F3A9F000DD8D1D /* Frameworks */ = {
			isa = PBXFrameworksBuildPhase;
			buildActionMask = 2147483647;
			files = (
			);
			runOnlyForDeploymentPostprocessing = 0;
		};
		13C66B8620F3A9F100DD8D1D /* Frameworks */ = {
			isa = PBXFrameworksBuildPhase;
			buildActionMask = 2147483647;
			files = (
				13C66B8A20F3A9F100DD8D1D /* MidiParser.framework in Frameworks */,
			);
			runOnlyForDeploymentPostprocessing = 0;
		};
/* End PBXFrameworksBuildPhase section */

/* Begin PBXGroup section */
		1379EA8020F65B9E00348301 /* Error */ = {
			isa = PBXGroup;
			children = (
				1379EA6F20F60A3200348301 /* MidiError.swift */,
			);
			path = Error;
			sourceTree = "<group>";
		};
		1379EA8420F65FBD00348301 /* KeySignature */ = {
			isa = PBXGroup;
			children = (
				13C66B2820F0B9F200DD8D1D /* KeySignature.swift */,
				13C66B2720F0B9F200DD8D1D /* MidiKeySignature.swift */,
			);
			path = KeySignature;
			sourceTree = "<group>";
		};
		13C66AF520F0B9AD00DD8D1D = {
			isa = PBXGroup;
			children = (
				13C66B0020F0B9AD00DD8D1D /* Products */,
				13C66B9820F3AB2300DD8D1D /* Source */,
				13C66BB520F3ABD000DD8D1D /* Supporting Files */,
				13C66B0C20F0B9AE00DD8D1D /* Tests */,
				250232A5FBDB832E2B51CBB7 /* Pods */,
			);
			sourceTree = "<group>";
		};
		13C66B0020F0B9AD00DD8D1D /* Products */ = {
			isa = PBXGroup;
			children = (
				13C66AFF20F0B9AD00DD8D1D /* MidiParser.framework */,
				13C66B0820F0B9AE00DD8D1D /* MidiParser iOSTests.xctest */,
				13C66B8120F3A9F000DD8D1D /* MidiParser.framework */,
				13C66B8920F3A9F100DD8D1D /* MidiParser macOSTests.xctest */,
			);
			name = Products;
			sourceTree = "<group>";
		};
		13C66B0C20F0B9AE00DD8D1D /* Tests */ = {
			isa = PBXGroup;
			children = (
				13C66B5A20F0C1F800DD8D1D /* MIDI_sample.mid */,
				13C66B0F20F0B9AE00DD8D1D /* Info.plist */,
				13C66BBF20F3AF8500DD8D1D /* LoadDataTests.swift */,
				13C66B5C20F0CAC600DD8D1D /* MetaEventTypeTests.swift */,
				13C66B6620F0F28500DD8D1D /* MidiEventTypeTests.swift */,
				13C66BC220F3B99D00DD8D1D /* MidiKeySignatureTests.swift */,
				13C66B0D20F0B9AE00DD8D1D /* MidiParserTests.swift */,
				13C66B6020F0E8C300DD8D1D /* PatchTests.swift */,
				13C66BBC20F3AF1600DD8D1D /* Helper */,
			);
			path = Tests;
			sourceTree = "<group>";
		};
		13C66B1A20F0B9F200DD8D1D /* MidiEvent */ = {
			isa = PBXGroup;
			children = (
				13C66B6B20F1EEAF00DD8D1D /* EventProtocol.swift */,
				13C66B2020F0B9F200DD8D1D /* MidiAUPresetEvent.swift */,
				13C66B2120F0B9F200DD8D1D /* MidiChannelMessage.swift */,
				13C66B1D20F0B9F200DD8D1D /* EventInfo.swift */,
				13C66B1B20F0B9F200DD8D1D /* MidiEventType.swift */,
				13C66B2B20F0B9F200DD8D1D /* MidiEventUserData.swift */,
				13C66B1F20F0B9F200DD8D1D /* MidiExtendedNoteOnEvent.swift */,
				13C66B2A20F0B9F200DD8D1D /* MidiExtendedTempo.swift */,
				13C66B2920F0B9F200DD8D1D /* MidiNote.swift */,
				13C66B2320F0B9F200DD8D1D /* MidiParameterEvent.swift */,
				13C66B2220F0B9F200DD8D1D /* MidiRawData.swift */,
				13C66B2420F0B9F200DD8D1D /* Meta */,
			);
			path = MidiEvent;
			sourceTree = "<group>";
		};
		13C66B2420F0B9F200DD8D1D /* Meta */ = {
			isa = PBXGroup;
			children = (
				1379EA8120F65F8700348301 /* MetaEventProtocol.swift */,
				13C66BD920F4E7B100DD8D1D /* MetaEvent.swift */,
				13C66B2620F0B9F200DD8D1D /* MetaEventType.swift */,
				1379EA7620F64C7C00348301 /* MidiLyric.swift */,
				13C66B2520F0B9F200DD8D1D /* MidiTimeSignature.swift */,
				1379EA8420F65FBD00348301 /* KeySignature */,
			);
			path = Meta;
			sourceTree = "<group>";
		};
		13C66B2C20F0B9F200DD8D1D /* Util */ = {
			isa = PBXGroup;
			children = (
				13C66BCE20F4984B00DD8D1D /* Byte.swift */,
				13C66B2E20F0B9F200DD8D1D /* Util.swift */,
			);
			path = Util;
			sourceTree = "<group>";
		};
		13C66B2F20F0B9F200DD8D1D /* MidiData */ = {
			isa = PBXGroup;
			children = (
				13C66BC820F4809D00DD8D1D /* HeaderChunk.swift */,
				13C66B3020F0B9F200DD8D1D /* MidiData.swift */,
				13C66B3120F0B9F200DD8D1D /* EventIterator.swift */,
				13C66B6820F18BEE00DD8D1D /* MidiInfoKey.swift */,
				13C66B3220F0B9F200DD8D1D /* MidiSequence.swift */,
			);
			path = MidiData;
			sourceTree = "<group>";
		};
		13C66B3320F0B9F200DD8D1D /* MidiTrack */ = {
			isa = PBXGroup;
			children = (
				13C66B3720F0B9F200DD8D1D /* MidiNoteTrack.swift */,
				13C66B3420F0B9F200DD8D1D /* MidiTempoTrack.swift */,
				13C66B3620F0B9F200DD8D1D /* MidiTrack.swift */,
				13C66B3520F0B9F200DD8D1D /* SequenceTrackProperty.swift */,
			);
			path = MidiTrack;
			sourceTree = "<group>";
		};
		13C66B3820F0B9F200DD8D1D /* Instrument */ = {
			isa = PBXGroup;
			children = (
				13C66B3A20F0B9F200DD8D1D /* GMPatch.swift */,
				13C66B3920F0B9F200DD8D1D /* MidiPatch.swift */,
				13C66B3B20F0B9F200DD8D1D /* PatchFamily.swift */,
			);
			path = Instrument;
			sourceTree = "<group>";
		};
		13C66B9820F3AB2300DD8D1D /* Source */ = {
			isa = PBXGroup;
			children = (
				1379EA8020F65B9E00348301 /* Error */,
				13C66B3820F0B9F200DD8D1D /* Instrument */,
				13C66B2F20F0B9F200DD8D1D /* MidiData */,
				13C66B1A20F0B9F200DD8D1D /* MidiEvent */,
				13C66B3320F0B9F200DD8D1D /* MidiTrack */,
				13C66B2C20F0B9F200DD8D1D /* Util */,
			);
			path = Source;
			sourceTree = "<group>";
		};
		13C66BB520F3ABD000DD8D1D /* Supporting Files */ = {
			isa = PBXGroup;
			children = (
				13C66B0320F0B9AD00DD8D1D /* Info.plist */,
				13E83063226B0528009DD486 /* MidiParser-iOS.xcconfig */,
				13E83064226B0587009DD486 /* MidiParser-macOS.xcconfig */,
			);
			path = "Supporting Files";
			sourceTree = "<group>";
		};
		13C66BBC20F3AF1600DD8D1D /* Helper */ = {
			isa = PBXGroup;
			children = (
				13C66B6220F0ED4C00DD8D1D /* EnumCollection.swift */,
			);
			path = Helper;
			sourceTree = "<group>";
		};
		250232A5FBDB832E2B51CBB7 /* Pods */ = {
			isa = PBXGroup;
			children = (
			);
			path = Pods;
			sourceTree = "<group>";
		};
/* End PBXGroup section */

/* Begin PBXHeadersBuildPhase section */
		13C66AFC20F0B9AD00DD8D1D /* Headers */ = {
			isa = PBXHeadersBuildPhase;
			buildActionMask = 2147483647;
			files = (
			);
			runOnlyForDeploymentPostprocessing = 0;
		};
		13C66B7E20F3A9F000DD8D1D /* Headers */ = {
			isa = PBXHeadersBuildPhase;
			buildActionMask = 2147483647;
			files = (
			);
			runOnlyForDeploymentPostprocessing = 0;
		};
/* End PBXHeadersBuildPhase section */

/* Begin PBXNativeTarget section */
		13C66AFE20F0B9AD00DD8D1D /* MidiParser iOS */ = {
			isa = PBXNativeTarget;
			buildConfigurationList = 13C66B1320F0B9AE00DD8D1D /* Build configuration list for PBXNativeTarget "MidiParser iOS" */;
			buildPhases = (
				13C66AFA20F0B9AD00DD8D1D /* Sources */,
				13C66AFB20F0B9AD00DD8D1D /* Frameworks */,
				13C66AFC20F0B9AD00DD8D1D /* Headers */,
				13C66AFD20F0B9AD00DD8D1D /* Resources */,
			);
			buildRules = (
			);
			dependencies = (
			);
			name = "MidiParser iOS";
			productName = MidiParser;
			productReference = 13C66AFF20F0B9AD00DD8D1D /* MidiParser.framework */;
			productType = "com.apple.product-type.framework";
		};
		13C66B0720F0B9AE00DD8D1D /* MidiParser iOSTests */ = {
			isa = PBXNativeTarget;
			buildConfigurationList = 13C66B1620F0B9AE00DD8D1D /* Build configuration list for PBXNativeTarget "MidiParser iOSTests" */;
			buildPhases = (
				13C66B0420F0B9AE00DD8D1D /* Sources */,
				13C66B0520F0B9AE00DD8D1D /* Frameworks */,
				13C66B0620F0B9AE00DD8D1D /* Resources */,
			);
			buildRules = (
			);
			dependencies = (
				13C66B0B20F0B9AE00DD8D1D /* PBXTargetDependency */,
			);
			name = "MidiParser iOSTests";
			productName = MidiParserTests;
			productReference = 13C66B0820F0B9AE00DD8D1D /* MidiParser iOSTests.xctest */;
			productType = "com.apple.product-type.bundle.unit-test";
		};
		13C66B8020F3A9F000DD8D1D /* MidiParser macOS */ = {
			isa = PBXNativeTarget;
			buildConfigurationList = 13C66B9220F3A9F100DD8D1D /* Build configuration list for PBXNativeTarget "MidiParser macOS" */;
			buildPhases = (
				13C66B7C20F3A9F000DD8D1D /* Sources */,
				13C66B7D20F3A9F000DD8D1D /* Frameworks */,
				13C66B7E20F3A9F000DD8D1D /* Headers */,
				13C66B7F20F3A9F000DD8D1D /* Resources */,
			);
			buildRules = (
			);
			dependencies = (
			);
			name = "MidiParser macOS";
			productName = "MidiParser macOS";
			productReference = 13C66B8120F3A9F000DD8D1D /* MidiParser.framework */;
			productType = "com.apple.product-type.framework";
		};
		13C66B8820F3A9F100DD8D1D /* MidiParser macOSTests */ = {
			isa = PBXNativeTarget;
			buildConfigurationList = 13C66B9520F3A9F100DD8D1D /* Build configuration list for PBXNativeTarget "MidiParser macOSTests" */;
			buildPhases = (
				13C66B8520F3A9F100DD8D1D /* Sources */,
				13C66B8620F3A9F100DD8D1D /* Frameworks */,
				13C66B8720F3A9F100DD8D1D /* Resources */,
			);
			buildRules = (
			);
			dependencies = (
				13C66B8C20F3A9F100DD8D1D /* PBXTargetDependency */,
			);
			name = "MidiParser macOSTests";
			productName = "MidiParser macOSTests";
			productReference = 13C66B8920F3A9F100DD8D1D /* MidiParser macOSTests.xctest */;
			productType = "com.apple.product-type.bundle.unit-test";
		};
/* End PBXNativeTarget section */

/* Begin PBXProject section */
		13C66AF620F0B9AD00DD8D1D /* Project object */ = {
			isa = PBXProject;
			attributes = {
				LastSwiftUpdateCheck = 0940;
				LastUpgradeCheck = 0940;
				ORGANIZATIONNAME = "Yuma Matsune";
				TargetAttributes = {
					13C66AFE20F0B9AD00DD8D1D = {
						CreatedOnToolsVersion = 9.4.1;
						LastSwiftMigration = 0940;
					};
					13C66B0720F0B9AE00DD8D1D = {
						CreatedOnToolsVersion = 9.4.1;
					};
					13C66B8020F3A9F000DD8D1D = {
						CreatedOnToolsVersion = 9.4.1;
					};
					13C66B8820F3A9F100DD8D1D = {
						CreatedOnToolsVersion = 9.4.1;
					};
				};
			};
			buildConfigurationList = 13C66AF920F0B9AD00DD8D1D /* Build configuration list for PBXProject "MidiParser" */;
			compatibilityVersion = "Xcode 9.3";
			developmentRegion = en;
			hasScannedForEncodings = 0;
			knownRegions = (
				en,
				Base,
			);
			mainGroup = 13C66AF520F0B9AD00DD8D1D;
			productRefGroup = 13C66B0020F0B9AD00DD8D1D /* Products */;
			projectDirPath = "";
			projectRoot = "";
			targets = (
				13C66AFE20F0B9AD00DD8D1D /* MidiParser iOS */,
				13C66B0720F0B9AE00DD8D1D /* MidiParser iOSTests */,
				13C66B8020F3A9F000DD8D1D /* MidiParser macOS */,
				13C66B8820F3A9F100DD8D1D /* MidiParser macOSTests */,
			);
		};
/* End PBXProject section */

/* Begin PBXResourcesBuildPhase section */
		13C66AFD20F0B9AD00DD8D1D /* Resources */ = {
			isa = PBXResourcesBuildPhase;
			buildActionMask = 2147483647;
			files = (
			);
			runOnlyForDeploymentPostprocessing = 0;
		};
		13C66B0620F0B9AE00DD8D1D /* Resources */ = {
			isa = PBXResourcesBuildPhase;
			buildActionMask = 2147483647;
			files = (
				13C66B5B20F0C1F900DD8D1D /* MIDI_sample.mid in Resources */,
			);
			runOnlyForDeploymentPostprocessing = 0;
		};
		13C66B7F20F3A9F000DD8D1D /* Resources */ = {
			isa = PBXResourcesBuildPhase;
			buildActionMask = 2147483647;
			files = (
			);
			runOnlyForDeploymentPostprocessing = 0;
		};
		13C66B8720F3A9F100DD8D1D /* Resources */ = {
			isa = PBXResourcesBuildPhase;
			buildActionMask = 2147483647;
			files = (
				13C66BBB20F3AD4D00DD8D1D /* MIDI_sample.mid in Resources */,
			);
			runOnlyForDeploymentPostprocessing = 0;
		};
/* End PBXResourcesBuildPhase section */

/* Begin PBXSourcesBuildPhase section */
		13C66AFA20F0B9AD00DD8D1D /* Sources */ = {
			isa = PBXSourcesBuildPhase;
			buildActionMask = 2147483647;
			files = (
				13C66B4B20F0B9F200DD8D1D /* MidiEventUserData.swift in Sources */,
				13C66B6C20F1EEAF00DD8D1D /* EventProtocol.swift in Sources */,
				13C66B4D20F0B9F200DD8D1D /* Util.swift in Sources */,
				13C66B4620F0B9F200DD8D1D /* MetaEventType.swift in Sources */,
				13C66B4520F0B9F200DD8D1D /* MidiTimeSignature.swift in Sources */,
				13C66B5420F0B9F200DD8D1D /* MidiNoteTrack.swift in Sources */,
				13C66B5720F0B9F200DD8D1D /* PatchFamily.swift in Sources */,
				13C66B4F20F0B9F200DD8D1D /* EventIterator.swift in Sources */,
				13C66BCB20F480BF00DD8D1D /* HeaderChunk.swift in Sources */,
				13C66BD220F49C3200DD8D1D /* Byte.swift in Sources */,
				13C66B5020F0B9F200DD8D1D /* MidiSequence.swift in Sources */,
				13C66B4120F0B9F200DD8D1D /* MidiAUPresetEvent.swift in Sources */,
				13C66B4820F0B9F200DD8D1D /* KeySignature.swift in Sources */,
				13C66B4A20F0B9F200DD8D1D /* MidiExtendedTempo.swift in Sources */,
				13C66B5220F0B9F200DD8D1D /* SequenceTrackProperty.swift in Sources */,
				13C66B5520F0B9F200DD8D1D /* MidiPatch.swift in Sources */,
				13C66B4E20F0B9F200DD8D1D /* MidiData.swift in Sources */,
				13C66B4320F0B9F200DD8D1D /* MidiRawData.swift in Sources */,
				13C66B3D20F0B9F200DD8D1D /* MidiEventType.swift in Sources */,
				13C66B4720F0B9F200DD8D1D /* MidiKeySignature.swift in Sources */,
				13C66B4920F0B9F200DD8D1D /* MidiNote.swift in Sources */,
				13C66B3F20F0B9F200DD8D1D /* EventInfo.swift in Sources */,
				1379EA8220F65F8700348301 /* MetaEventProtocol.swift in Sources */,
				1379EA7020F60A3200348301 /* MidiError.swift in Sources */,
				1379EA7720F64C7C00348301 /* MidiLyric.swift in Sources */,
				13C66B5320F0B9F200DD8D1D /* MidiTrack.swift in Sources */,
				13C66B5120F0B9F200DD8D1D /* MidiTempoTrack.swift in Sources */,
				13C66BDC20F4E7DD00DD8D1D /* MetaEvent.swift in Sources */,
				13C66B4020F0B9F200DD8D1D /* MidiExtendedNoteOnEvent.swift in Sources */,
				13C66B6920F18BEE00DD8D1D /* MidiInfoKey.swift in Sources */,
				13C66B4220F0B9F200DD8D1D /* MidiChannelMessage.swift in Sources */,
				13C66B5620F0B9F200DD8D1D /* GMPatch.swift in Sources */,
				13C66B4420F0B9F200DD8D1D /* MidiParameterEvent.swift in Sources */,
			);
			runOnlyForDeploymentPostprocessing = 0;
		};
		13C66B0420F0B9AE00DD8D1D /* Sources */ = {
			isa = PBXSourcesBuildPhase;
			buildActionMask = 2147483647;
			files = (
				13C66B6720F0F28500DD8D1D /* MidiEventTypeTests.swift in Sources */,
				13C66BC020F3AF8500DD8D1D /* LoadDataTests.swift in Sources */,
				13C66BC320F3B99D00DD8D1D /* MidiKeySignatureTests.swift in Sources */,
				13C66B6320F0ED4C00DD8D1D /* EnumCollection.swift in Sources */,
				13C66B0E20F0B9AE00DD8D1D /* MidiParserTests.swift in Sources */,
				13C66B6120F0E8C300DD8D1D /* PatchTests.swift in Sources */,
				13C66B5D20F0CAC600DD8D1D /* MetaEventTypeTests.swift in Sources */,
			);
			runOnlyForDeploymentPostprocessing = 0;
		};
		13C66B7C20F3A9F000DD8D1D /* Sources */ = {
			isa = PBXSourcesBuildPhase;
			buildActionMask = 2147483647;
			files = (
				13C66BB220F3AB5000DD8D1D /* MidiTrack.swift in Sources */,
				13C66B9D20F3AB3F00DD8D1D /* EventIterator.swift in Sources */,
				13C66BB120F3AB5000DD8D1D /* MidiTempoTrack.swift in Sources */,
				13C66BA720F3AB4400DD8D1D /* MidiChannelMessage.swift in Sources */,
				13C66BA420F3AB4400DD8D1D /* MidiExtendedNoteOnEvent.swift in Sources */,
				13C66BA020F3AB4400DD8D1D /* EventProtocol.swift in Sources */,
				13C66B9F20F3AB3F00DD8D1D /* MidiInfoKey.swift in Sources */,
				13C66BA920F3AB4400DD8D1D /* MidiAUPresetEvent.swift in Sources */,
				13C66BCC20F480C000DD8D1D /* HeaderChunk.swift in Sources */,
				13C66BD120F49C3100DD8D1D /* Byte.swift in Sources */,
				13C66B9920F3AB3B00DD8D1D /* GMPatch.swift in Sources */,
				13C66B9B20F3AB3B00DD8D1D /* PatchFamily.swift in Sources */,
				13C66BAE20F3AB4A00DD8D1D /* MidiTimeSignature.swift in Sources */,
				13C66BB420F3AB5300DD8D1D /* Util.swift in Sources */,
				13C66B9E20F3AB3F00DD8D1D /* MidiSequence.swift in Sources */,
				13C66BAC20F3AB4A00DD8D1D /* MetaEventType.swift in Sources */,
				13C66BAA20F3AB4400DD8D1D /* EventInfo.swift in Sources */,
				13C66B9C20F3AB3F00DD8D1D /* MidiData.swift in Sources */,
				13C66BA120F3AB4400DD8D1D /* MidiEventType.swift in Sources */,
				13C66BAD20F3AB4A00DD8D1D /* MidiKeySignature.swift in Sources */,
				13C66B9A20F3AB3B00DD8D1D /* MidiPatch.swift in Sources */,
				13C66BA820F3AB4400DD8D1D /* MidiExtendedTempo.swift in Sources */,
				1379EA8320F65F9500348301 /* MetaEventProtocol.swift in Sources */,
				1379EA7120F60A3E00348301 /* MidiError.swift in Sources */,
				1379EA7820F64C8A00348301 /* MidiLyric.swift in Sources */,
				13C66BA620F3AB4400DD8D1D /* MidiEventUserData.swift in Sources */,
				13C66BB320F3AB5000DD8D1D /* SequenceTrackProperty.swift in Sources */,
				13C66BDD20F4E7DE00DD8D1D /* MetaEvent.swift in Sources */,
				13C66BAB20F3AB4A00DD8D1D /* KeySignature.swift in Sources */,
				13C66BB020F3AB5000DD8D1D /* MidiNoteTrack.swift in Sources */,
				13C66BA520F3AB4400DD8D1D /* MidiNote.swift in Sources */,
				13C66BA320F3AB4400DD8D1D /* MidiParameterEvent.swift in Sources */,
				13C66BA220F3AB4400DD8D1D /* MidiRawData.swift in Sources */,
			);
			runOnlyForDeploymentPostprocessing = 0;
		};
		13C66B8520F3A9F100DD8D1D /* Sources */ = {
			isa = PBXSourcesBuildPhase;
			buildActionMask = 2147483647;
			files = (
				13C66BB620F3AC5500DD8D1D /* EnumCollection.swift in Sources */,
				13C66BC120F3AF8500DD8D1D /* LoadDataTests.swift in Sources */,
				13C66BC420F3B99D00DD8D1D /* MidiKeySignatureTests.swift in Sources */,
				13C66BB820F3AC5500DD8D1D /* MidiEventTypeTests.swift in Sources */,
				13C66BB720F3AC5500DD8D1D /* MetaEventTypeTests.swift in Sources */,
				13C66BB920F3AC5500DD8D1D /* MidiParserTests.swift in Sources */,
				13C66BBA20F3AC5500DD8D1D /* PatchTests.swift in Sources */,
			);
			runOnlyForDeploymentPostprocessing = 0;
		};
/* End PBXSourcesBuildPhase section */

/* Begin PBXTargetDependency section */
		13C66B0B20F0B9AE00DD8D1D /* PBXTargetDependency */ = {
			isa = PBXTargetDependency;
			target = 13C66AFE20F0B9AD00DD8D1D /* MidiParser iOS */;
			targetProxy = 13C66B0A20F0B9AE00DD8D1D /* PBXContainerItemProxy */;
		};
		13C66B8C20F3A9F100DD8D1D /* PBXTargetDependency */ = {
			isa = PBXTargetDependency;
			target = 13C66B8020F3A9F000DD8D1D /* MidiParser macOS */;
			targetProxy = 13C66B8B20F3A9F100DD8D1D /* PBXContainerItemProxy */;
		};
/* End PBXTargetDependency section */

/* Begin XCBuildConfiguration section */
		13C66B1120F0B9AE00DD8D1D /* Debug */ = {
			isa = XCBuildConfiguration;
			buildSettings = {
				ALWAYS_SEARCH_USER_PATHS = NO;
				CLANG_ANALYZER_NONNULL = YES;
				CLANG_ANALYZER_NUMBER_OBJECT_CONVERSION = YES_AGGRESSIVE;
				CLANG_CXX_LANGUAGE_STANDARD = "gnu++14";
				CLANG_CXX_LIBRARY = "libc++";
				CLANG_ENABLE_MODULES = YES;
				CLANG_ENABLE_OBJC_ARC = YES;
				CLANG_ENABLE_OBJC_WEAK = YES;
				CLANG_WARN_BLOCK_CAPTURE_AUTORELEASING = YES;
				CLANG_WARN_BOOL_CONVERSION = YES;
				CLANG_WARN_COMMA = YES;
				CLANG_WARN_CONSTANT_CONVERSION = YES;
				CLANG_WARN_DEPRECATED_OBJC_IMPLEMENTATIONS = YES;
				CLANG_WARN_DIRECT_OBJC_ISA_USAGE = YES_ERROR;
				CLANG_WARN_DOCUMENTATION_COMMENTS = YES;
				CLANG_WARN_EMPTY_BODY = YES;
				CLANG_WARN_ENUM_CONVERSION = YES;
				CLANG_WARN_INFINITE_RECURSION = YES;
				CLANG_WARN_INT_CONVERSION = YES;
				CLANG_WARN_NON_LITERAL_NULL_CONVERSION = YES;
				CLANG_WARN_OBJC_IMPLICIT_RETAIN_SELF = YES;
				CLANG_WARN_OBJC_LITERAL_CONVERSION = YES;
				CLANG_WARN_OBJC_ROOT_CLASS = YES_ERROR;
				CLANG_WARN_RANGE_LOOP_ANALYSIS = YES;
				CLANG_WARN_STRICT_PROTOTYPES = YES;
				CLANG_WARN_SUSPICIOUS_MOVE = YES;
				CLANG_WARN_UNGUARDED_AVAILABILITY = YES_AGGRESSIVE;
				CLANG_WARN_UNREACHABLE_CODE = YES;
				CLANG_WARN__DUPLICATE_METHOD_MATCH = YES;
				CODE_SIGN_IDENTITY = "iPhone Developer";
				COPY_PHASE_STRIP = NO;
				CURRENT_PROJECT_VERSION = 1;
				DEBUG_INFORMATION_FORMAT = dwarf;
				ENABLE_STRICT_OBJC_MSGSEND = YES;
				ENABLE_TESTABILITY = YES;
				GCC_C_LANGUAGE_STANDARD = gnu11;
				GCC_DYNAMIC_NO_PIC = NO;
				GCC_NO_COMMON_BLOCKS = YES;
				GCC_OPTIMIZATION_LEVEL = 0;
				GCC_PREPROCESSOR_DEFINITIONS = (
					"DEBUG=1",
					"$(inherited)",
				);
				GCC_WARN_64_TO_32_BIT_CONVERSION = YES;
				GCC_WARN_ABOUT_RETURN_TYPE = YES_ERROR;
				GCC_WARN_UNDECLARED_SELECTOR = YES;
				GCC_WARN_UNINITIALIZED_AUTOS = YES_AGGRESSIVE;
				GCC_WARN_UNUSED_FUNCTION = YES;
				GCC_WARN_UNUSED_VARIABLE = YES;
				IPHONEOS_DEPLOYMENT_TARGET = 10.0;
				MTL_ENABLE_DEBUG_INFO = YES;
				ONLY_ACTIVE_ARCH = YES;
				SDKROOT = iphoneos;
				SWIFT_ACTIVE_COMPILATION_CONDITIONS = DEBUG;
				SWIFT_OPTIMIZATION_LEVEL = "-Onone";
				SWIFT_VERSION = 5.0;
				VERSIONING_SYSTEM = "apple-generic";
				VERSION_INFO_PREFIX = "";
			};
			name = Debug;
		};
		13C66B1220F0B9AE00DD8D1D /* Release */ = {
			isa = XCBuildConfiguration;
			buildSettings = {
				ALWAYS_SEARCH_USER_PATHS = NO;
				CLANG_ANALYZER_NONNULL = YES;
				CLANG_ANALYZER_NUMBER_OBJECT_CONVERSION = YES_AGGRESSIVE;
				CLANG_CXX_LANGUAGE_STANDARD = "gnu++14";
				CLANG_CXX_LIBRARY = "libc++";
				CLANG_ENABLE_MODULES = YES;
				CLANG_ENABLE_OBJC_ARC = YES;
				CLANG_ENABLE_OBJC_WEAK = YES;
				CLANG_WARN_BLOCK_CAPTURE_AUTORELEASING = YES;
				CLANG_WARN_BOOL_CONVERSION = YES;
				CLANG_WARN_COMMA = YES;
				CLANG_WARN_CONSTANT_CONVERSION = YES;
				CLANG_WARN_DEPRECATED_OBJC_IMPLEMENTATIONS = YES;
				CLANG_WARN_DIRECT_OBJC_ISA_USAGE = YES_ERROR;
				CLANG_WARN_DOCUMENTATION_COMMENTS = YES;
				CLANG_WARN_EMPTY_BODY = YES;
				CLANG_WARN_ENUM_CONVERSION = YES;
				CLANG_WARN_INFINITE_RECURSION = YES;
				CLANG_WARN_INT_CONVERSION = YES;
				CLANG_WARN_NON_LITERAL_NULL_CONVERSION = YES;
				CLANG_WARN_OBJC_IMPLICIT_RETAIN_SELF = YES;
				CLANG_WARN_OBJC_LITERAL_CONVERSION = YES;
				CLANG_WARN_OBJC_ROOT_CLASS = YES_ERROR;
				CLANG_WARN_RANGE_LOOP_ANALYSIS = YES;
				CLANG_WARN_STRICT_PROTOTYPES = YES;
				CLANG_WARN_SUSPICIOUS_MOVE = YES;
				CLANG_WARN_UNGUARDED_AVAILABILITY = YES_AGGRESSIVE;
				CLANG_WARN_UNREACHABLE_CODE = YES;
				CLANG_WARN__DUPLICATE_METHOD_MATCH = YES;
				CODE_SIGN_IDENTITY = "iPhone Developer";
				COPY_PHASE_STRIP = NO;
				CURRENT_PROJECT_VERSION = 1;
				DEBUG_INFORMATION_FORMAT = "dwarf-with-dsym";
				ENABLE_NS_ASSERTIONS = NO;
				ENABLE_STRICT_OBJC_MSGSEND = YES;
				GCC_C_LANGUAGE_STANDARD = gnu11;
				GCC_NO_COMMON_BLOCKS = YES;
				GCC_WARN_64_TO_32_BIT_CONVERSION = YES;
				GCC_WARN_ABOUT_RETURN_TYPE = YES_ERROR;
				GCC_WARN_UNDECLARED_SELECTOR = YES;
				GCC_WARN_UNINITIALIZED_AUTOS = YES_AGGRESSIVE;
				GCC_WARN_UNUSED_FUNCTION = YES;
				GCC_WARN_UNUSED_VARIABLE = YES;
				IPHONEOS_DEPLOYMENT_TARGET = 10.0;
				MTL_ENABLE_DEBUG_INFO = NO;
				SDKROOT = iphoneos;
				SWIFT_COMPILATION_MODE = wholemodule;
				SWIFT_OPTIMIZATION_LEVEL = "-O";
				SWIFT_VERSION = 5.0;
				VALIDATE_PRODUCT = YES;
				VERSIONING_SYSTEM = "apple-generic";
				VERSION_INFO_PREFIX = "";
			};
			name = Release;
		};
		13C66B1420F0B9AE00DD8D1D /* Debug */ = {
			isa = XCBuildConfiguration;
			baseConfigurationReference = 13E83063226B0528009DD486 /* MidiParser-iOS.xcconfig */;
			buildSettings = {
				CLANG_ENABLE_MODULES = YES;
				CODE_SIGN_IDENTITY = "";
				CODE_SIGN_STYLE = Automatic;
				DEFINES_MODULE = YES;
				DEVELOPMENT_TEAM = 8G7ZB52773;
				DYLIB_COMPATIBILITY_VERSION = 1;
				DYLIB_CURRENT_VERSION = 1;
				DYLIB_INSTALL_NAME_BASE = "@rpath";
				INFOPLIST_FILE = "Supporting Files/Info.plist";
				INSTALL_PATH = "$(LOCAL_LIBRARY_DIR)/Frameworks";
				LD_RUNPATH_SEARCH_PATHS = (
					"$(inherited)",
					"@executable_path/Frameworks",
					"@loader_path/Frameworks",
				);
				PRODUCT_BUNDLE_IDENTIFIER = matsune.MidiParser;
				PRODUCT_NAME = MidiParser;
				SKIP_INSTALL = YES;
				SWIFT_OPTIMIZATION_LEVEL = "-Onone";
				SWIFT_VERSION = 5.0;
				TARGETED_DEVICE_FAMILY = "1,2";
			};
			name = Debug;
		};
		13C66B1520F0B9AE00DD8D1D /* Release */ = {
			isa = XCBuildConfiguration;
			baseConfigurationReference = 13E83063226B0528009DD486 /* MidiParser-iOS.xcconfig */;
			buildSettings = {
				CLANG_ENABLE_MODULES = YES;
				CODE_SIGN_IDENTITY = "";
				CODE_SIGN_STYLE = Automatic;
				DEFINES_MODULE = YES;
				DEVELOPMENT_TEAM = 8G7ZB52773;
				DYLIB_COMPATIBILITY_VERSION = 1;
				DYLIB_CURRENT_VERSION = 1;
				DYLIB_INSTALL_NAME_BASE = "@rpath";
				INFOPLIST_FILE = "Supporting Files/Info.plist";
				INSTALL_PATH = "$(LOCAL_LIBRARY_DIR)/Frameworks";
				LD_RUNPATH_SEARCH_PATHS = (
					"$(inherited)",
					"@executable_path/Frameworks",
					"@loader_path/Frameworks",
				);
				PRODUCT_BUNDLE_IDENTIFIER = matsune.MidiParser;
				PRODUCT_NAME = MidiParser;
				SKIP_INSTALL = YES;
				SWIFT_VERSION = 5.0;
				TARGETED_DEVICE_FAMILY = "1,2";
			};
			name = Release;
		};
		13C66B1720F0B9AE00DD8D1D /* Debug */ = {
			isa = XCBuildConfiguration;
			buildSettings = {
				ALWAYS_EMBED_SWIFT_STANDARD_LIBRARIES = YES;
				CODE_SIGN_STYLE = Automatic;
				DEVELOPMENT_TEAM = 8G7ZB52773;
				INFOPLIST_FILE = Tests/Info.plist;
				LD_RUNPATH_SEARCH_PATHS = (
					"$(inherited)",
					"@executable_path/Frameworks",
					"@loader_path/Frameworks",
				);
				PRODUCT_BUNDLE_IDENTIFIER = matsune.MidiParserTests;
				PRODUCT_NAME = "$(TARGET_NAME)";
				SWIFT_VERSION = 5.0;
				TARGETED_DEVICE_FAMILY = "1,2";
			};
			name = Debug;
		};
		13C66B1820F0B9AE00DD8D1D /* Release */ = {
			isa = XCBuildConfiguration;
			buildSettings = {
				ALWAYS_EMBED_SWIFT_STANDARD_LIBRARIES = YES;
				CODE_SIGN_STYLE = Automatic;
				DEVELOPMENT_TEAM = 8G7ZB52773;
				INFOPLIST_FILE = Tests/Info.plist;
				LD_RUNPATH_SEARCH_PATHS = (
					"$(inherited)",
					"@executable_path/Frameworks",
					"@loader_path/Frameworks",
				);
				PRODUCT_BUNDLE_IDENTIFIER = matsune.MidiParserTests;
				PRODUCT_NAME = "$(TARGET_NAME)";
				SWIFT_VERSION = 5.0;
				TARGETED_DEVICE_FAMILY = "1,2";
			};
			name = Release;
		};
		13C66B9320F3A9F100DD8D1D /* Debug */ = {
			isa = XCBuildConfiguration;
			baseConfigurationReference = 13E83064226B0587009DD486 /* MidiParser-macOS.xcconfig */;
			buildSettings = {
				CODE_SIGN_IDENTITY = "";
				CODE_SIGN_STYLE = Automatic;
				COMBINE_HIDPI_IMAGES = YES;
				DEFINES_MODULE = YES;
				DEVELOPMENT_TEAM = 8G7ZB52773;
				DYLIB_COMPATIBILITY_VERSION = 1;
				DYLIB_CURRENT_VERSION = 1;
				DYLIB_INSTALL_NAME_BASE = "@rpath";
				FRAMEWORK_VERSION = A;
				INFOPLIST_FILE = "Supporting Files/Info.plist";
				INSTALL_PATH = "$(LOCAL_LIBRARY_DIR)/Frameworks";
				LD_RUNPATH_SEARCH_PATHS = (
					"$(inherited)",
					"@executable_path/../Frameworks",
					"@loader_path/Frameworks",
				);
				MACOSX_DEPLOYMENT_TARGET = 10.13;
				PRODUCT_BUNDLE_IDENTIFIER = matsune.MidiParser;
				PRODUCT_NAME = MidiParser;
				SDKROOT = macosx;
				SKIP_INSTALL = YES;
				SWIFT_VERSION = 5.0;
			};
			name = Debug;
		};
		13C66B9420F3A9F100DD8D1D /* Release */ = {
			isa = XCBuildConfiguration;
			baseConfigurationReference = 13E83064226B0587009DD486 /* MidiParser-macOS.xcconfig */;
			buildSettings = {
				CODE_SIGN_IDENTITY = "";
				CODE_SIGN_STYLE = Automatic;
				COMBINE_HIDPI_IMAGES = YES;
				DEFINES_MODULE = YES;
				DEVELOPMENT_TEAM = 8G7ZB52773;
				DYLIB_COMPATIBILITY_VERSION = 1;
				DYLIB_CURRENT_VERSION = 1;
				DYLIB_INSTALL_NAME_BASE = "@rpath";
				FRAMEWORK_VERSION = A;
				INFOPLIST_FILE = "Supporting Files/Info.plist";
				INSTALL_PATH = "$(LOCAL_LIBRARY_DIR)/Frameworks";
				LD_RUNPATH_SEARCH_PATHS = (
					"$(inherited)",
					"@executable_path/../Frameworks",
					"@loader_path/Frameworks",
				);
				MACOSX_DEPLOYMENT_TARGET = 10.13;
				PRODUCT_BUNDLE_IDENTIFIER = matsune.MidiParser;
				PRODUCT_NAME = MidiParser;
				SDKROOT = macosx;
				SKIP_INSTALL = YES;
				SWIFT_VERSION = 5.0;
			};
			name = Release;
		};
		13C66B9620F3A9F100DD8D1D /* Debug */ = {
			isa = XCBuildConfiguration;
			buildSettings = {
				ALWAYS_EMBED_SWIFT_STANDARD_LIBRARIES = YES;
				CODE_SIGN_IDENTITY = "Mac Developer";
				CODE_SIGN_STYLE = Automatic;
				COMBINE_HIDPI_IMAGES = YES;
				DEVELOPMENT_TEAM = 8G7ZB52773;
				INFOPLIST_FILE = Tests/Info.plist;
				LD_RUNPATH_SEARCH_PATHS = (
					"$(inherited)",
					"@executable_path/../Frameworks",
					"@loader_path/../Frameworks",
				);
				MACOSX_DEPLOYMENT_TARGET = 10.13;
				PRODUCT_BUNDLE_IDENTIFIER = "matsune.MidiParser-macOSTests";
				PRODUCT_NAME = "$(TARGET_NAME)";
				SDKROOT = macosx;
				SWIFT_VERSION = 5.0;
			};
			name = Debug;
		};
		13C66B9720F3A9F100DD8D1D /* Release */ = {
			isa = XCBuildConfiguration;
			buildSettings = {
				ALWAYS_EMBED_SWIFT_STANDARD_LIBRARIES = YES;
				CODE_SIGN_IDENTITY = "Mac Developer";
				CODE_SIGN_STYLE = Automatic;
				COMBINE_HIDPI_IMAGES = YES;
				DEVELOPMENT_TEAM = 8G7ZB52773;
				INFOPLIST_FILE = Tests/Info.plist;
				LD_RUNPATH_SEARCH_PATHS = (
					"$(inherited)",
					"@executable_path/../Frameworks",
					"@loader_path/../Frameworks",
				);
				MACOSX_DEPLOYMENT_TARGET = 10.13;
				PRODUCT_BUNDLE_IDENTIFIER = "matsune.MidiParser-macOSTests";
				PRODUCT_NAME = "$(TARGET_NAME)";
				SDKROOT = macosx;
				SWIFT_VERSION = 5.0;
			};
			name = Release;
		};
/* End XCBuildConfiguration section */

/* Begin XCConfigurationList section */
		13C66AF920F0B9AD00DD8D1D /* Build configuration list for PBXProject "MidiParser" */ = {
			isa = XCConfigurationList;
			buildConfigurations = (
				13C66B1120F0B9AE00DD8D1D /* Debug */,
				13C66B1220F0B9AE00DD8D1D /* Release */,
			);
			defaultConfigurationIsVisible = 0;
			defaultConfigurationName = Release;
		};
		13C66B1320F0B9AE00DD8D1D /* Build configuration list for PBXNativeTarget "MidiParser iOS" */ = {
			isa = XCConfigurationList;
			buildConfigurations = (
				13C66B1420F0B9AE00DD8D1D /* Debug */,
				13C66B1520F0B9AE00DD8D1D /* Release */,
			);
			defaultConfigurationIsVisible = 0;
			defaultConfigurationName = Release;
		};
		13C66B1620F0B9AE00DD8D1D /* Build configuration list for PBXNativeTarget "MidiParser iOSTests" */ = {
			isa = XCConfigurationList;
			buildConfigurations = (
				13C66B1720F0B9AE00DD8D1D /* Debug */,
				13C66B1820F0B9AE00DD8D1D /* Release */,
			);
			defaultConfigurationIsVisible = 0;
			defaultConfigurationName = Release;
		};
		13C66B9220F3A9F100DD8D1D /* Build configuration list for PBXNativeTarget "MidiParser macOS" */ = {
			isa = XCConfigurationList;
			buildConfigurations = (
				13C66B9320F3A9F100DD8D1D /* Debug */,
				13C66B9420F3A9F100DD8D1D /* Release */,
			);
			defaultConfigurationIsVisible = 0;
			defaultConfigurationName = Release;
		};
		13C66B9520F3A9F100DD8D1D /* Build configuration list for PBXNativeTarget "MidiParser macOSTests" */ = {
			isa = XCConfigurationList;
			buildConfigurations = (
				13C66B9620F3A9F100DD8D1D /* Debug */,
				13C66B9720F3A9F100DD8D1D /* Release */,
			);
			defaultConfigurationIsVisible = 0;
			defaultConfigurationName = Release;
		};
/* End XCConfigurationList section */
	};
	rootObject = 13C66AF620F0B9AD00DD8D1D /* Project object */;
}
